github.com/OpenListTeam/go-wasi-socket v0.0.0-20251015063839-f7f1b4398e5e h1:dqfXLvST8izOw6FMb7p5SEXfKgj5AdayvLnPHkVrBrg=
github.com/OpenListTeam/go-wasi-socket v0.0.0-20251015063839-f7f1b4398e5e/go.mod h1:N/RzoiYro7UUQlKslB4ezXGozPDXam76k9DFj9a+DEM=
github.com/OpenListTeam/openlist-wasi-plugin-driver v0.0.0-20251030071213-4f9ef124d4cc h1:DCGpFo2Js6TXq75BDOQSYTLaOR7jvHyP720VvKYZg6Y=
github.com/OpenListTeam/openlist-wasi-plugin-driver v0.0.0-20251030071213-4f9ef124d4cc/go.mod h1:PVDklxqDNQ2Xo/S3H4CwFsMuFU1nO6IMdnzCfpFct5Q=
github.com/OpenListTeam/openlist-wasi-plugin-driver v0.0.0-20251105181311-31306d50eadb h1:nBdwja4mt8WCGEVa0Jmb/Hg5FKRaGmu3SyreuGyrHVk=
github.com/OpenListTeam/openlist-wasi-plugin-driver v0.0.0-20251105181311-31306d50eadb/go.mod h1:PVDklxqDNQ2Xo/S3H4CwFsMuFU1nO6IMdnzCfpFct5Q=
github.com/davecgh/go-spew v1.1.2-0.20180830191138-d8f796af33cc h1:U9qPSI2PIWSS1VwoXQT9A3Wy9MM3WgvqSxFWenqJduM=
github.com/davecgh/go-spew v1.1.2-0.20180830191138-d8f796af33cc/go.mod h1:J7Y8YcW2NihsgmVo/mv3lAwl/skON4iLHjSsI+c5H38=
github.com/pmezard/go-difflib v1.0.1-0.20181226105442-5d4384ee4fb2 h1:Jamvg5psRIccs7FGNTlIRMkT8wgtp5eCXdBlqhYGL6U=
github.com/pmezard/go-difflib v1.0.1-0.20181226105442-5d4384ee4fb2/go.mod h1:iKH77koFhYxTK1pcRnkKkqfTogsbg7gZNVY4sRDYZ/4=
github.com/stretchr/testify v1.11.1 h1:7s2iGBzp5EwR7/aIZr8ao5+dra3wiQyKjjFuvgVKu7U=
github.com/stretchr/testify v1.11.1/go.mod h1:wZwfW3scLgRK+23gO65QZefKpKQRnfz6sD981Nm4B6U=
go.bytecodealliance.org/cm v0.3.0 h1:VhV+4vjZPUGCozCg9+up+FNL3YU6XR+XKghk7kQ0vFc=
go.bytecodealliance.org/cm v0.3.0/go.mod h1:JD5vtVNZv7sBoQQkvBvAAVKJPhR/bqBH7yYXTItMfZI=
golang.org/x/text v0.30.0 h1:yznKA/E9zq54KzlzBEAWn1NXSQ8DIp/NYMy88xJjl4k=
golang.org/x/text v0.30.0/go.mod h1:yDdHFIX9t+tORqspjENWgzaCVXgk0yYnYuSZ8UzzBVM=
gopkg.in/yaml.v3 v3.0.1 h1:fxVm/GzAzEWqLHuvctI91KS9hhNmmWOoWu0XTYJS7CA=
gopkg.in/yaml.v3 v3.0.1/go.mod h1:K4uyk7z7BCEPqu6E+C64Yfv1cQ7kz7rIZviUmN+EgEM=
